// !$*UTF8*$!
{
	archiveVersion = 1;
	classes = {
	};
	objectVersion = 46;
	objects = {

/* Begin PBXBuildFile section */
		1D3623260D0F684500981E51 /* WeatherAppDelegate.m in Sources */ = {isa = PBXBuildFile; fileRef = 1D3623250D0F684500981E51 /* WeatherAppDelegate.m */; };
		1D60589B0D05DD56006BFB54 /* main.m in Sources */ = {isa = PBXBuildFile; fileRef = 29B97316FDCFA39411CA2CEA /* main.m */; };
		280E754D0DD40C5E005A515E /* FlipsideView.xib in Resources */ = {isa = PBXBuildFile; fileRef = 280E754A0DD40C5E005A515E /* FlipsideView.xib */; };
		280E754E0DD40C5E005A515E /* MainView.xib in Resources */ = {isa = PBXBuildFile; fileRef = 280E754B0DD40C5E005A515E /* MainView.xib */; };
		280E754F0DD40C5E005A515E /* MainWindow.xib in Resources */ = {isa = PBXBuildFile; fileRef = 280E754C0DD40C5E005A515E /* MainWindow.xib */; };
		289233AE0DB2D0DB0083E9F9 /* MainViewController.m in Sources */ = {isa = PBXBuildFile; fileRef = 289233A90DB2D0DB0083E9F9 /* MainViewController.m */; };
		289233B00DB2D0DB0083E9F9 /* FlipsideViewController.m in Sources */ = {isa = PBXBuildFile; fileRef = 289233AD0DB2D0DB0083E9F9 /* FlipsideViewController.m */; };
		EF06B6911650CF470063E7E9 /* fancy_deboss.png in Resources */ = {isa = PBXBuildFile; fileRef = EF06B6901650CF460063E7E9 /* fancy_deboss.png */; };
		EF527095146B389200335A36 /* UIKit.framework in Frameworks */ = {isa = PBXBuildFile; fileRef = 1DF5F4DF0D08C38300B7A737 /* UIKit.framework */; };
		EF527096146B38A200335A36 /* Foundation.framework in Frameworks */ = {isa = PBXBuildFile; fileRef = 1D30AB110D05D00D00671497 /* Foundation.framework */; };
		EF527097146B38A700335A36 /* CoreGraphics.framework in Frameworks */ = {isa = PBXBuildFile; fileRef = 288765580DF743DE002DB57D /* CoreGraphics.framework */; };
		EF527098146B38AF00335A36 /* CoreLocation.framework in Frameworks */ = {isa = PBXBuildFile; fileRef = EFBD1F96146B23CD00AFCAB9 /* CoreLocation.framework */; };
		EF63AB4416641840006D8652 /* arrow.png in Resources */ = {isa = PBXBuildFile; fileRef = EF63AB3E16641840006D8652 /* arrow.png */; };
		EF63AB4516641840006D8652 /* arrow@2x.png in Resources */ = {isa = PBXBuildFile; fileRef = EF63AB3F16641840006D8652 /* arrow@2x.png */; };
		EF63AB4616641840006D8652 /* LICENSE in Resources */ = {isa = PBXBuildFile; fileRef = EF63AB4016641840006D8652 /* LICENSE */; };
		EF63AB4716641840006D8652 /* PullToRefreshView.m in Sources */ = {isa = PBXBuildFile; fileRef = EF63AB4216641840006D8652 /* PullToRefreshView.m */; };
		EF63AB4816641840006D8652 /* README in Resources */ = {isa = PBXBuildFile; fileRef = EF63AB4316641840006D8652 /* README */; };
		EF63AB4B16641A70006D8652 /* QuartzCore.framework in Frameworks */ = {isa = PBXBuildFile; fileRef = EF63AB4A16641A70006D8652 /* QuartzCore.framework */; };
		EF63AB971664A8C2006D8652 /* icons.plist in Resources */ = {isa = PBXBuildFile; fileRef = EF63AB961664A8C2006D8652 /* icons.plist */; };
		EF63ABFC1665129D006D8652 /* sunriset.c in Sources */ = {isa = PBXBuildFile; fileRef = EF63ABFA1665129D006D8652 /* sunriset.c */; };
		EF63ACC116654BF0006D8652 /* wsymbols01_png_64 in Resources */ = {isa = PBXBuildFile; fileRef = EF63ACBF16654BF0006D8652 /* wsymbols01_png_64 */; };
		EF63ACC216654BF0006D8652 /* wsymbols01_png_128 in Resources */ = {isa = PBXBuildFile; fileRef = EF63ACC016654BF0006D8652 /* wsymbols01_png_128 */; };
		EF63ACEE1667F8EE006D8652 /* RSLocalPageController.m in Sources */ = {isa = PBXBuildFile; fileRef = EF63ACEC1667F8EE006D8652 /* RSLocalPageController.m */; };
		EF63ACEF1667F8EE006D8652 /* RSLocalPageController.xib in Resources */ = {isa = PBXBuildFile; fileRef = EF63ACED1667F8EE006D8652 /* RSLocalPageController.xib */; };
		EF63ACF31667F93D006D8652 /* CDLocationManager.m in Sources */ = {isa = PBXBuildFile; fileRef = EF63ACF21667F93D006D8652 /* CDLocationManager.m */; };
		EF63ACF61667F94E006D8652 /* JSONKit.m in Sources */ = {isa = PBXBuildFile; fileRef = EF63ACF51667F94E006D8652 /* JSONKit.m */; };
		EF63ACF81667F9A4006D8652 /* Default-568h@2x.png in Resources */ = {isa = PBXBuildFile; fileRef = EF63ACF71667F9A4006D8652 /* Default-568h@2x.png */; };
		EF63ACFC1667F9EA006D8652 /* RSAddGeo.m in Sources */ = {isa = PBXBuildFile; fileRef = EF63ACFA1667F9EA006D8652 /* RSAddGeo.m */; };
		EF63ACFD1667F9EA006D8652 /* RSAddGeo.xib in Resources */ = {isa = PBXBuildFile; fileRef = EF63ACFB1667F9EA006D8652 /* RSAddGeo.xib */; };
		EF63AD021667FA3C006D8652 /* UACellBackgroundView.m in Sources */ = {isa = PBXBuildFile; fileRef = EF63ACFF1667FA3C006D8652 /* UACellBackgroundView.m */; };
		EF63AD031667FA3C006D8652 /* UATableViewCell.m in Sources */ = {isa = PBXBuildFile; fileRef = EF63AD011667FA3C006D8652 /* UATableViewCell.m */; };
		EF63AD061667FA5E006D8652 /* UIImage+RSRoundCorners.m in Sources */ = {isa = PBXBuildFile; fileRef = EF63AD051667FA5E006D8652 /* UIImage+RSRoundCorners.m */; };
		EF63AD0D1667FAFE006D8652 /* FindNearbyPlace.m in Sources */ = {isa = PBXBuildFile; fileRef = EF63AD081667FAFE006D8652 /* FindNearbyPlace.m */; };
		EF63AD0E1667FAFE006D8652 /* WeatherForecast.m in Sources */ = {isa = PBXBuildFile; fileRef = EF63AD0A1667FAFE006D8652 /* WeatherForecast.m */; };
		EF63AD0F1667FAFE006D8652 /* WeatherModel.m in Sources */ = {isa = PBXBuildFile; fileRef = EF63AD0C1667FAFE006D8652 /* WeatherModel.m */; };
		EFB2FA141478D0B2005FA6A3 /* powered-by-google-on-non-white_WorldWeatherOnline.png in Resources */ = {isa = PBXBuildFile; fileRef = EFB2FA131478D0B2005FA6A3 /* powered-by-google-on-non-white_WorldWeatherOnline.png */; };
/* End PBXBuildFile section */

/* Begin PBXFileReference section */
		1D30AB110D05D00D00671497 /* Foundation.framework */ = {isa = PBXFileReference; lastKnownFileType = wrapper.framework; name = Foundation.framework; path = System/Library/Frameworks/Foundation.framework; sourceTree = SDKROOT; };
		1D3623240D0F684500981E51 /* WeatherAppDelegate.h */ = {isa = PBXFileReference; fileEncoding = 4; lastKnownFileType = sourcecode.c.h; path = WeatherAppDelegate.h; sourceTree = "<group>"; };
		1D3623250D0F684500981E51 /* WeatherAppDelegate.m */ = {isa = PBXFileReference; fileEncoding = 4; lastKnownFileType = sourcecode.c.objc; path = WeatherAppDelegate.m; sourceTree = "<group>"; };
		1D6058910D05DD3D006BFB54 /* WeatherLux.app */ = {isa = PBXFileReference; explicitFileType = wrapper.application; includeInIndex = 0; path = WeatherLux.app; sourceTree = BUILT_PRODUCTS_DIR; };
		1DF5F4DF0D08C38300B7A737 /* UIKit.framework */ = {isa = PBXFileReference; lastKnownFileType = wrapper.framework; name = UIKit.framework; path = System/Library/Frameworks/UIKit.framework; sourceTree = SDKROOT; };
		280E754A0DD40C5E005A515E /* FlipsideView.xib */ = {isa = PBXFileReference; lastKnownFileType = file.xib; path = FlipsideView.xib; sourceTree = "<group>"; };
		280E754B0DD40C5E005A515E /* MainView.xib */ = {isa = PBXFileReference; lastKnownFileType = file.xib; path = MainView.xib; sourceTree = "<group>"; };
		280E754C0DD40C5E005A515E /* MainWindow.xib */ = {isa = PBXFileReference; lastKnownFileType = file.xib; path = MainWindow.xib; sourceTree = "<group>"; };
		288765580DF743DE002DB57D /* CoreGraphics.framework */ = {isa = PBXFileReference; lastKnownFileType = wrapper.framework; name = CoreGraphics.framework; path = System/Library/Frameworks/CoreGraphics.framework; sourceTree = SDKROOT; };
		289233A80DB2D0DB0083E9F9 /* MainViewController.h */ = {isa = PBXFileReference; fileEncoding = 4; lastKnownFileType = sourcecode.c.h; name = MainViewController.h; path = Classes/MainViewController.h; sourceTree = "<group>"; xcLanguageSpecificationIdentifier = xcode.lang.objc; };
		289233A90DB2D0DB0083E9F9 /* MainViewController.m */ = {isa = PBXFileReference; fileEncoding = 4; lastKnownFileType = sourcecode.c.objc; name = MainViewController.m; path = Classes/MainViewController.m; sourceTree = "<group>"; };
		289233AC0DB2D0DB0083E9F9 /* FlipsideViewController.h */ = {isa = PBXFileReference; fileEncoding = 4; lastKnownFileType = sourcecode.c.h; name = FlipsideViewController.h; path = Classes/FlipsideViewController.h; sourceTree = "<group>"; };
		289233AD0DB2D0DB0083E9F9 /* FlipsideViewController.m */ = {isa = PBXFileReference; fileEncoding = 4; lastKnownFileType = sourcecode.c.objc; name = FlipsideViewController.m; path = Classes/FlipsideViewController.m; sourceTree = "<group>"; };
		29B97316FDCFA39411CA2CEA /* main.m */ = {isa = PBXFileReference; fileEncoding = 4; lastKnownFileType = sourcecode.c.objc; path = main.m; sourceTree = "<group>"; };
		32CA4F630368D1EE00C91783 /* Weather_Prefix.pch */ = {isa = PBXFileReference; fileEncoding = 4; lastKnownFileType = sourcecode.c.h; path = Weather_Prefix.pch; sourceTree = "<group>"; };
		8D1107310486CEB800E47090 /* Weather-Info.plist */ = {isa = PBXFileReference; fileEncoding = 4; lastKnownFileType = text.plist.xml; path = "Weather-Info.plist"; plistStructureDefinitionIdentifier = "com.apple.xcode.plist.structure-definition.iphone.info-plist"; sourceTree = "<group>"; };
		EF06B6901650CF460063E7E9 /* fancy_deboss.png */ = {isa = PBXFileReference; lastKnownFileType = image.png; name = fancy_deboss.png; path = backgrounds/fancy_deboss.png; sourceTree = "<group>"; };
		EF63AB3E16641840006D8652 /* arrow.png */ = {isa = PBXFileReference; lastKnownFileType = image.png; path = arrow.png; sourceTree = "<group>"; };
		EF63AB3F16641840006D8652 /* arrow@2x.png */ = {isa = PBXFileReference; lastKnownFileType = image.png; path = "arrow@2x.png"; sourceTree = "<group>"; };
		EF63AB4016641840006D8652 /* LICENSE */ = {isa = PBXFileReference; fileEncoding = 4; lastKnownFileType = text; path = LICENSE; sourceTree = "<group>"; };
		EF63AB4116641840006D8652 /* PullToRefreshView.h */ = {isa = PBXFileReference; fileEncoding = 4; lastKnownFileType = sourcecode.c.h; path = PullToRefreshView.h; sourceTree = "<group>"; };
		EF63AB4216641840006D8652 /* PullToRefreshView.m */ = {isa = PBXFileReference; fileEncoding = 4; lastKnownFileType = sourcecode.c.objc; path = PullToRefreshView.m; sourceTree = "<group>"; };
		EF63AB4316641840006D8652 /* README */ = {isa = PBXFileReference; fileEncoding = 4; lastKnownFileType = text; path = README; sourceTree = "<group>"; };
		EF63AB4A16641A70006D8652 /* QuartzCore.framework */ = {isa = PBXFileReference; lastKnownFileType = wrapper.framework; name = QuartzCore.framework; path = System/Library/Frameworks/QuartzCore.framework; sourceTree = SDKROOT; };
		EF63AB961664A8C2006D8652 /* icons.plist */ = {isa = PBXFileReference; fileEncoding = 4; lastKnownFileType = text.plist.xml; name = icons.plist; path = images/icons.plist; sourceTree = "<group>"; };
		EF63ABFA1665129D006D8652 /* sunriset.c */ = {isa = PBXFileReference; fileEncoding = 4; lastKnownFileType = sourcecode.c.c; path = sunriset.c; sourceTree = "<group>"; };
		EF63ABFB1665129D006D8652 /* sunriset.h */ = {isa = PBXFileReference; fileEncoding = 4; lastKnownFileType = sourcecode.c.h; path = sunriset.h; sourceTree = "<group>"; };
		EF63ACBF16654BF0006D8652 /* wsymbols01_png_64 */ = {isa = PBXFileReference; lastKnownFileType = folder; name = wsymbols01_png_64; path = images/wsymbols01_png_64; sourceTree = "<group>"; };
		EF63ACC016654BF0006D8652 /* wsymbols01_png_128 */ = {isa = PBXFileReference; lastKnownFileType = folder; name = wsymbols01_png_128; path = images/wsymbols01_png_128; sourceTree = "<group>"; };
		EF63ACEB1667F8EE006D8652 /* RSLocalPageController.h */ = {isa = PBXFileReference; fileEncoding = 4; lastKnownFileType = sourcecode.c.h; name = RSLocalPageController.h; path = RSLocalPageController/RSLocalPageController.h; sourceTree = "<group>"; };
		EF63ACEC1667F8EE006D8652 /* RSLocalPageController.m */ = {isa = PBXFileReference; fileEncoding = 4; lastKnownFileType = sourcecode.c.objc; name = RSLocalPageController.m; path = RSLocalPageController/RSLocalPageController.m; sourceTree = "<group>"; };
		EF63ACED1667F8EE006D8652 /* RSLocalPageController.xib */ = {isa = PBXFileReference; fileEncoding = 4; lastKnownFileType = file.xib; name = RSLocalPageController.xib; path = RSLocalPageController/RSLocalPageController.xib; sourceTree = "<group>"; };
		EF63ACF11667F93D006D8652 /* CDLocationManager.h */ = {isa = PBXFileReference; fileEncoding = 4; lastKnownFileType = sourcecode.c.h; name = CDLocationManager.h; path = CDLocationManager/CDLocationManager.h; sourceTree = "<group>"; };
		EF63ACF21667F93D006D8652 /* CDLocationManager.m */ = {isa = PBXFileReference; fileEncoding = 4; lastKnownFileType = sourcecode.c.objc; name = CDLocationManager.m; path = CDLocationManager/CDLocationManager.m; sourceTree = "<group>"; };
		EF63ACF41667F94E006D8652 /* JSONKit.h */ = {isa = PBXFileReference; fileEncoding = 4; lastKnownFileType = sourcecode.c.h; name = JSONKit.h; path = JSONKit/JSONKit.h; sourceTree = "<group>"; };
		EF63ACF51667F94E006D8652 /* JSONKit.m */ = {isa = PBXFileReference; fileEncoding = 4; lastKnownFileType = sourcecode.c.objc; name = JSONKit.m; path = JSONKit/JSONKit.m; sourceTree = "<group>"; };
		EF63ACF71667F9A4006D8652 /* Default-568h@2x.png */ = {isa = PBXFileReference; lastKnownFileType = image.png; name = "Default-568h@2x.png"; path = "images/Default-568h@2x.png"; sourceTree = "<group>"; };
		EF63ACF91667F9EA006D8652 /* RSAddGeo.h */ = {isa = PBXFileReference; fileEncoding = 4; lastKnownFileType = sourcecode.c.h; name = RSAddGeo.h; path = RSAddGeo/RSAddGeo.h; sourceTree = "<group>"; };
		EF63ACFA1667F9EA006D8652 /* RSAddGeo.m */ = {isa = PBXFileReference; fileEncoding = 4; lastKnownFileType = sourcecode.c.objc; name = RSAddGeo.m; path = RSAddGeo/RSAddGeo.m; sourceTree = "<group>"; };
		EF63ACFB1667F9EA006D8652 /* RSAddGeo.xib */ = {isa = PBXFileReference; fileEncoding = 4; lastKnownFileType = file.xib; name = RSAddGeo.xib; path = RSAddGeo/RSAddGeo.xib; sourceTree = "<group>"; };
		EF63ACFE1667FA3C006D8652 /* UACellBackgroundView.h */ = {isa = PBXFileReference; fileEncoding = 4; lastKnownFileType = sourcecode.c.h; name = UACellBackgroundView.h; path = UATableViewCell/UACellBackgroundView.h; sourceTree = "<group>"; };
		EF63ACFF1667FA3C006D8652 /* UACellBackgroundView.m */ = {isa = PBXFileReference; fileEncoding = 4; lastKnownFileType = sourcecode.c.objc; name = UACellBackgroundView.m; path = UATableViewCell/UACellBackgroundView.m; sourceTree = "<group>"; };
		EF63AD001667FA3C006D8652 /* UATableViewCell.h */ = {isa = PBXFileReference; fileEncoding = 4; lastKnownFileType = sourcecode.c.h; name = UATableViewCell.h; path = UATableViewCell/UATableViewCell.h; sourceTree = "<group>"; };
		EF63AD011667FA3C006D8652 /* UATableViewCell.m */ = {isa = PBXFileReference; fileEncoding = 4; lastKnownFileType = sourcecode.c.objc; name = UATableViewCell.m; path = UATableViewCell/UATableViewCell.m; sourceTree = "<group>"; };
		EF63AD041667FA5E006D8652 /* UIImage+RSRoundCorners.h */ = {isa = PBXFileReference; fileEncoding = 4; lastKnownFileType = sourcecode.c.h; name = "UIImage+RSRoundCorners.h"; path = "UIImage+RSRoundCorners/UIImage+RSRoundCorners.h"; sourceTree = "<group>"; };
		EF63AD051667FA5E006D8652 /* UIImage+RSRoundCorners.m */ = {isa = PBXFileReference; fileEncoding = 4; lastKnownFileType = sourcecode.c.objc; name = "UIImage+RSRoundCorners.m"; path = "UIImage+RSRoundCorners/UIImage+RSRoundCorners.m"; sourceTree = "<group>"; };
		EF63AD071667FAFE006D8652 /* FindNearbyPlace.h */ = {isa = PBXFileReference; fileEncoding = 4; lastKnownFileType = sourcecode.c.h; name = FindNearbyPlace.h; path = Classes/FindNearbyPlace.h; sourceTree = "<group>"; };
		EF63AD081667FAFE006D8652 /* FindNearbyPlace.m */ = {isa = PBXFileReference; fileEncoding = 4; lastKnownFileType = sourcecode.c.objc; name = FindNearbyPlace.m; path = Classes/FindNearbyPlace.m; sourceTree = "<group>"; };
		EF63AD091667FAFE006D8652 /* WeatherForecast.h */ = {isa = PBXFileReference; fileEncoding = 4; lastKnownFileType = sourcecode.c.h; name = WeatherForecast.h; path = Classes/WeatherForecast.h; sourceTree = "<group>"; };
		EF63AD0A1667FAFE006D8652 /* WeatherForecast.m */ = {isa = PBXFileReference; fileEncoding = 4; lastKnownFileType = sourcecode.c.objc; name = WeatherForecast.m; path = Classes/WeatherForecast.m; sourceTree = "<group>"; };
		EF63AD0B1667FAFE006D8652 /* WeatherModel.h */ = {isa = PBXFileReference; fileEncoding = 4; lastKnownFileType = sourcecode.c.h; name = WeatherModel.h; path = Classes/WeatherModel.h; sourceTree = "<group>"; };
		EF63AD0C1667FAFE006D8652 /* WeatherModel.m */ = {isa = PBXFileReference; fileEncoding = 4; lastKnownFileType = sourcecode.c.objc; name = WeatherModel.m; path = Classes/WeatherModel.m; sourceTree = "<group>"; };
		EFB2FA131478D0B2005FA6A3 /* powered-by-google-on-non-white_WorldWeatherOnline.png */ = {isa = PBXFileReference; lastKnownFileType = image.png; name = "powered-by-google-on-non-white_WorldWeatherOnline.png"; path = "images/powered-by-google-on-non-white_WorldWeatherOnline.png"; sourceTree = "<group>"; };
		EFBD1F96146B23CD00AFCAB9 /* CoreLocation.framework */ = {isa = PBXFileReference; lastKnownFileType = wrapper.framework; name = CoreLocation.framework; path = System/Library/Frameworks/CoreLocation.framework; sourceTree = SDKROOT; };
/* End PBXFileReference section */

/* Begin PBXFrameworksBuildPhase section */
		1D60588F0D05DD3D006BFB54 /* Frameworks */ = {
			isa = PBXFrameworksBuildPhase;
			buildActionMask = 2147483647;
			files = (
				EF63AB4B16641A70006D8652 /* QuartzCore.framework in Frameworks */,
				EF527098146B38AF00335A36 /* CoreLocation.framework in Frameworks */,
				EF527097146B38A700335A36 /* CoreGraphics.framework in Frameworks */,
				EF527096146B38A200335A36 /* Foundation.framework in Frameworks */,
				EF527095146B389200335A36 /* UIKit.framework in Frameworks */,
			);
			runOnlyForDeploymentPostprocessing = 0;
		};
/* End PBXFrameworksBuildPhase section */

/* Begin PBXGroup section */
		080E96DDFE201D6D7F000001 /* Application Delegate */ = {
			isa = PBXGroup;
			children = (
				1D3623240D0F684500981E51 /* WeatherAppDelegate.h */,
				1D3623250D0F684500981E51 /* WeatherAppDelegate.m */,
			);
			name = "Application Delegate";
			path = Classes;
			sourceTree = "<group>";
		};
		19C28FACFE9D520D11CA2CBB /* Products */ = {
			isa = PBXGroup;
			children = (
				1D6058910D05DD3D006BFB54 /* WeatherLux.app */,
			);
			name = Products;
			sourceTree = "<group>";
		};
		281C6CD70DB2D82200F60ACC /* Flipside View */ = {
			isa = PBXGroup;
			children = (
				EF63ACF91667F9EA006D8652 /* RSAddGeo.h */,
				EF63ACFA1667F9EA006D8652 /* RSAddGeo.m */,
				EF63ACFB1667F9EA006D8652 /* RSAddGeo.xib */,
				280E754A0DD40C5E005A515E /* FlipsideView.xib */,
				289233AC0DB2D0DB0083E9F9 /* FlipsideViewController.h */,
				289233AD0DB2D0DB0083E9F9 /* FlipsideViewController.m */,
			);
			name = "Flipside View";
			sourceTree = "<group>";
		};
		289233A00DB2D0730083E9F9 /* Main View */ = {
			isa = PBXGroup;
			children = (
				280E754C0DD40C5E005A515E /* MainWindow.xib */,
				280E754B0DD40C5E005A515E /* MainView.xib */,
				289233A80DB2D0DB0083E9F9 /* MainViewController.h */,
				289233A90DB2D0DB0083E9F9 /* MainViewController.m */,
				EF63ACEB1667F8EE006D8652 /* RSLocalPageController.h */,
				EF63ACEC1667F8EE006D8652 /* RSLocalPageController.m */,
				EF63ACED1667F8EE006D8652 /* RSLocalPageController.xib */,
			);
			name = "Main View";
			sourceTree = "<group>";
		};
		29B97314FDCFA39411CA2CEA /* CustomTemplate */ = {
			isa = PBXGroup;
			children = (
				EF63ABF91665129D006D8652 /* sunriset */,
				EF63AB3D16641840006D8652 /* PullToRefresh */,
				EF63AB1F1663EE39006D8652 /* UATableViewCell */,
				EF06B69F16524E0C0063E7E9 /* CDLocationManager */,
				EF63AB211663EED0006D8652 /* UIImage+RSRoundCorners */,
				EF06B69B16524DA70063E7E9 /* JSONKit */,
				289233A00DB2D0730083E9F9 /* Main View */,
				281C6CD70DB2D82200F60ACC /* Flipside View */,
				080E96DDFE201D6D7F000001 /* Application Delegate */,
				29B97315FDCFA39411CA2CEA /* Other Sources */,
				29B97317FDCFA39411CA2CEA /* Resources */,
				29B97323FDCFA39411CA2CEA /* Frameworks */,
				19C28FACFE9D520D11CA2CBB /* Products */,
			);
			name = CustomTemplate;
			sourceTree = "<group>";
		};
		29B97315FDCFA39411CA2CEA /* Other Sources */ = {
			isa = PBXGroup;
			children = (
				EF63AD071667FAFE006D8652 /* FindNearbyPlace.h */,
				EF63AD081667FAFE006D8652 /* FindNearbyPlace.m */,
				EF63AD091667FAFE006D8652 /* WeatherForecast.h */,
				EF63AD0A1667FAFE006D8652 /* WeatherForecast.m */,
				EF63AD0B1667FAFE006D8652 /* WeatherModel.h */,
				EF63AD0C1667FAFE006D8652 /* WeatherModel.m */,
				32CA4F630368D1EE00C91783 /* Weather_Prefix.pch */,
				29B97316FDCFA39411CA2CEA /* main.m */,
			);
			name = "Other Sources";
			sourceTree = "<group>";
		};
		29B97317FDCFA39411CA2CEA /* Resources */ = {
			isa = PBXGroup;
			children = (
				EF63ACF71667F9A4006D8652 /* Default-568h@2x.png */,
				EF63ACBF16654BF0006D8652 /* wsymbols01_png_64 */,
				EF63ACC016654BF0006D8652 /* wsymbols01_png_128 */,
				EF63AB961664A8C2006D8652 /* icons.plist */,
				EF06B6901650CF460063E7E9 /* fancy_deboss.png */,
				EFB2FA131478D0B2005FA6A3 /* powered-by-google-on-non-white_WorldWeatherOnline.png */,
				8D1107310486CEB800E47090 /* Weather-Info.plist */,
			);
			name = Resources;
			sourceTree = "<group>";
		};
		29B97323FDCFA39411CA2CEA /* Frameworks */ = {
			isa = PBXGroup;
			children = (
				EF63AB4A16641A70006D8652 /* QuartzCore.framework */,
				EFBD1F96146B23CD00AFCAB9 /* CoreLocation.framework */,
				1DF5F4DF0D08C38300B7A737 /* UIKit.framework */,
				1D30AB110D05D00D00671497 /* Foundation.framework */,
				288765580DF743DE002DB57D /* CoreGraphics.framework */,
			);
			name = Frameworks;
			sourceTree = "<group>";
		};
		EF06B69B16524DA70063E7E9 /* JSONKit */ = {
			isa = PBXGroup;
			children = (
				EF63ACF41667F94E006D8652 /* JSONKit.h */,
				EF63ACF51667F94E006D8652 /* JSONKit.m */,
			);
			name = JSONKit;
			sourceTree = "<group>";
		};
		EF06B69F16524E0C0063E7E9 /* CDLocationManager */ = {
			isa = PBXGroup;
			children = (
				EF63ACF11667F93D006D8652 /* CDLocationManager.h */,
				EF63ACF21667F93D006D8652 /* CDLocationManager.m */,
			);
			name = CDLocationManager;
			sourceTree = "<group>";
		};
		EF63AB1F1663EE39006D8652 /* UATableViewCell */ = {
			isa = PBXGroup;
			children = (
				EF63ACFE1667FA3C006D8652 /* UACellBackgroundView.h */,
				EF63ACFF1667FA3C006D8652 /* UACellBackgroundView.m */,
				EF63AD001667FA3C006D8652 /* UATableViewCell.h */,
				EF63AD011667FA3C006D8652 /* UATableViewCell.m */,
			);
			name = UATableViewCell;
			sourceTree = "<group>";
		};
		EF63AB211663EED0006D8652 /* UIImage+RSRoundCorners */ = {
			isa = PBXGroup;
			children = (
				EF63AD041667FA5E006D8652 /* UIImage+RSRoundCorners.h */,
				EF63AD051667FA5E006D8652 /* UIImage+RSRoundCorners.m */,
			);
			name = "UIImage+RSRoundCorners";
			sourceTree = "<group>";
		};
		EF63AB3D16641840006D8652 /* PullToRefresh */ = {
			isa = PBXGroup;
			children = (
				EF63AB3E16641840006D8652 /* arrow.png */,
				EF63AB3F16641840006D8652 /* arrow@2x.png */,
				EF63AB4016641840006D8652 /* LICENSE */,
				EF63AB4116641840006D8652 /* PullToRefreshView.h */,
				EF63AB4216641840006D8652 /* PullToRefreshView.m */,
				EF63AB4316641840006D8652 /* README */,
			);
			path = PullToRefresh;
			sourceTree = "<group>";
		};
		EF63ABF91665129D006D8652 /* sunriset */ = {
			isa = PBXGroup;
			children = (
				EF63ABFB1665129D006D8652 /* sunriset.h */,
				EF63ABFA1665129D006D8652 /* sunriset.c */,
			);
			path = sunriset;
			sourceTree = "<group>";
		};
/* End PBXGroup section */

/* Begin PBXNativeTarget section */
		1D6058900D05DD3D006BFB54 /* WeatherLux */ = {
			isa = PBXNativeTarget;
			buildConfigurationList = 1D6058960D05DD3E006BFB54 /* Build configuration list for PBXNativeTarget "WeatherLux" */;
			buildPhases = (
				1D60588D0D05DD3D006BFB54 /* Resources */,
				1D60588E0D05DD3D006BFB54 /* Sources */,
				1D60588F0D05DD3D006BFB54 /* Frameworks */,
			);
			buildRules = (
			);
			dependencies = (
			);
			name = WeatherLux;
			productName = Weather;
			productReference = 1D6058910D05DD3D006BFB54 /* WeatherLux.app */;
			productType = "com.apple.product-type.application";
		};
/* End PBXNativeTarget section */

/* Begin PBXProject section */
		29B97313FDCFA39411CA2CEA /* Project object */ = {
			isa = PBXProject;
			attributes = {
				LastUpgradeCheck = 0450;
			};
			buildConfigurationList = C01FCF4E08A954540054247B /* Build configuration list for PBXProject "Weather" */;
			compatibilityVersion = "Xcode 3.2";
			developmentRegion = English;
			hasScannedForEncodings = 1;
			knownRegions = (
				English,
				Japanese,
				French,
				German,
				en,
			);
			mainGroup = 29B97314FDCFA39411CA2CEA /* CustomTemplate */;
			projectDirPath = "";
			projectRoot = "";
			targets = (
				1D6058900D05DD3D006BFB54 /* WeatherLux */,
			);
		};
/* End PBXProject section */

/* Begin PBXResourcesBuildPhase section */
		1D60588D0D05DD3D006BFB54 /* Resources */ = {
			isa = PBXResourcesBuildPhase;
			buildActionMask = 2147483647;
			files = (
				280E754D0DD40C5E005A515E /* FlipsideView.xib in Resources */,
				280E754E0DD40C5E005A515E /* MainView.xib in Resources */,
				280E754F0DD40C5E005A515E /* MainWindow.xib in Resources */,
				EFB2FA141478D0B2005FA6A3 /* powered-by-google-on-non-white_WorldWeatherOnline.png in Resources */,
				EF06B6911650CF470063E7E9 /* fancy_deboss.png in Resources */,
				EF63AB4416641840006D8652 /* arrow.png in Resources */,
				EF63AB4516641840006D8652 /* arrow@2x.png in Resources */,
				EF63AB4616641840006D8652 /* LICENSE in Resources */,
				EF63AB4816641840006D8652 /* README in Resources */,
				EF63AB971664A8C2006D8652 /* icons.plist in Resources */,
				EF63ACC116654BF0006D8652 /* wsymbols01_png_64 in Resources */,
				EF63ACC216654BF0006D8652 /* wsymbols01_png_128 in Resources */,
				EF63ACEF1667F8EE006D8652 /* RSLocalPageController.xib in Resources */,
				EF63ACF81667F9A4006D8652 /* Default-568h@2x.png in Resources */,
				EF63ACFD1667F9EA006D8652 /* RSAddGeo.xib in Resources */,
			);
			runOnlyForDeploymentPostprocessing = 0;
		};
/* End PBXResourcesBuildPhase section */

/* Begin PBXSourcesBuildPhase section */
		1D60588E0D05DD3D006BFB54 /* Sources */ = {
			isa = PBXSourcesBuildPhase;
			buildActionMask = 2147483647;
			files = (
				1D60589B0D05DD56006BFB54 /* main.m in Sources */,
				1D3623260D0F684500981E51 /* WeatherAppDelegate.m in Sources */,
				289233AE0DB2D0DB0083E9F9 /* MainViewController.m in Sources */,
				289233B00DB2D0DB0083E9F9 /* FlipsideViewController.m in Sources */,
				EF63AB4716641840006D8652 /* PullToRefreshView.m in Sources */,
				EF63ABFC1665129D006D8652 /* sunriset.c in Sources */,
				EF63ACEE1667F8EE006D8652 /* RSLocalPageController.m in Sources */,
				EF63ACF31667F93D006D8652 /* CDLocationManager.m in Sources */,
				EF63ACF61667F94E006D8652 /* JSONKit.m in Sources */,
				EF63ACFC1667F9EA006D8652 /* RSAddGeo.m in Sources */,
				EF63AD021667FA3C006D8652 /* UACellBackgroundView.m in Sources */,
				EF63AD031667FA3C006D8652 /* UATableViewCell.m in Sources */,
				EF63AD061667FA5E006D8652 /* UIImage+RSRoundCorners.m in Sources */,
				EF63AD0D1667FAFE006D8652 /* FindNearbyPlace.m in Sources */,
				EF63AD0E1667FAFE006D8652 /* WeatherForecast.m in Sources */,
				EF63AD0F1667FAFE006D8652 /* WeatherModel.m in Sources */,
			);
			runOnlyForDeploymentPostprocessing = 0;
		};
/* End PBXSourcesBuildPhase section */

/* Begin XCBuildConfiguration section */
		1D6058940D05DD3E006BFB54 /* Debug */ = {
			isa = XCBuildConfiguration;
			buildSettings = {
				ALWAYS_SEARCH_USER_PATHS = NO;
				COPY_PHASE_STRIP = NO;
				GCC_DYNAMIC_NO_PIC = NO;
				GCC_OPTIMIZATION_LEVEL = 0;
				GCC_PRECOMPILE_PREFIX_HEADER = YES;
				GCC_PREFIX_HEADER = Weather_Prefix.pch;
				INFOPLIST_FILE = "Weather-Info.plist";
				IPHONEOS_DEPLOYMENT_TARGET = 6.0;
				PRODUCT_NAME = WeatherLux;
			};
			name = Debug;
		};
		1D6058950D05DD3E006BFB54 /* Release */ = {
			isa = XCBuildConfiguration;
			buildSettings = {
				ALWAYS_SEARCH_USER_PATHS = NO;
				COPY_PHASE_STRIP = YES;
				GCC_PRECOMPILE_PREFIX_HEADER = YES;
				GCC_PREFIX_HEADER = Weather_Prefix.pch;
				INFOPLIST_FILE = "Weather-Info.plist";
				IPHONEOS_DEPLOYMENT_TARGET = 6.0;
				PRODUCT_NAME = WeatherLux;
				VALIDATE_PRODUCT = YES;
			};
			name = Release;
		};
		C01FCF4F08A954540054247B /* Debug */ = {
			isa = XCBuildConfiguration;
			buildSettings = {
				ARCHS = "$(ARCHS_STANDARD_32_BIT)";
				"CODE_SIGN_IDENTITY[sdk=iphoneos*]" = "iPhone Developer";
				GCC_C_LANGUAGE_STANDARD = c99;
				GCC_WARN_ABOUT_RETURN_TYPE = YES;
				GCC_WARN_UNUSED_VARIABLE = YES;
				HEADER_SEARCH_PATHS = "${SDKROOT}/usr/include/libxml2";
				OTHER_CFLAGS = "-DDEBUG=1";
				OTHER_LDFLAGS = "-lxml2";
				SDKROOT = iphoneos;
			};
			name = Debug;
		};
		C01FCF5008A954540054247B /* Release */ = {
			isa = XCBuildConfiguration;
			buildSettings = {
				ARCHS = "$(ARCHS_STANDARD_32_BIT)";
				"CODE_SIGN_IDENTITY[sdk=iphoneos*]" = "iPhone Developer";
				GCC_C_LANGUAGE_STANDARD = c99;
				GCC_WARN_ABOUT_RETURN_TYPE = YES;
				GCC_WARN_UNUSED_VARIABLE = YES;
				HEADER_SEARCH_PATHS = "${SDKROOT}/usr/include/libxml2";
				OTHER_CFLAGS = "-DNS_BLOCK_ASSERTIONS=1";
				OTHER_LDFLAGS = "-lxml2";
				SDKROOT = iphoneos;
			};
			name = Release;
		};
/* End XCBuildConfiguration section */

/* Begin XCConfigurationList section */
		1D6058960D05DD3E006BFB54 /* Build configuration list for PBXNativeTarget "WeatherLux" */ = {
			isa = XCConfigurationList;
			buildConfigurations = (
				1D6058940D05DD3E006BFB54 /* Debug */,
				1D6058950D05DD3E006BFB54 /* Release */,
			);
			defaultConfigurationIsVisible = 0;
			defaultConfigurationName = Release;
		};
		C01FCF4E08A954540054247B /* Build configuration list for PBXProject "Weather" */ = {
			isa = XCConfigurationList;
			buildConfigurations = (
				C01FCF4F08A954540054247B /* Debug */,
				C01FCF5008A954540054247B /* Release */,
			);
			defaultConfigurationIsVisible = 0;
			defaultConfigurationName = Release;
		};
/* End XCConfigurationList section */
	};
	rootObject = 29B97313FDCFA39411CA2CEA /* Project object */;
}
